
Microsoft Visual Studio Solution File, Format Version 12.00
# Visual Studio Version 16
VisualStudioVersion = 25.0.1706.0
MinimumVisualStudioVersion = 10.0.40219.1
Project("{FAE04EC0-301F-11D3-BF4B-00C04F79EFBC}") = "BasicMethods", "BasicMethods\BasicMethods.csproj", "{AAB95BBA-1E4E-4AFF-8087-F4924478555A}"
EndProject
Project("{FAE04EC0-301F-11D3-BF4B-00C04F79EFBC}") = "School", "School\School.csproj", "{547DF8A7-F56C-4020-AA64-77FC3EB1DEF6}"
EndProject
Project("{FAE04EC0-301F-11D3-BF4B-00C04F79EFBC}") = "ColorBall", "ColorBall\ColorBall.csproj", "{4228291C-9757-420A-84DE-34553E136C22}"
EndProject
Global
	GlobalSection(SolutionConfigurationPlatforms) = preSolution
		Debug|Any CPU = Debug|Any CPU
		Release|Any CPU = Release|Any CPU
	EndGlobalSection
	GlobalSection(ProjectConfigurationPlatforms) = postSolution
		{AAB95BBA-1E4E-4AFF-8087-F4924478555A}.Debug|Any CPU.ActiveCfg = Debug|Any CPU
		{AAB95BBA-1E4E-4AFF-8087-F4924478555A}.Debug|Any CPU.Build.0 = Debug|Any CPU
		{AAB95BBA-1E4E-4AFF-8087-F4924478555A}.Release|Any CPU.ActiveCfg = Release|Any CPU
		{AAB95BBA-1E4E-4AFF-8087-F4924478555A}.Release|Any CPU.Build.0 = Release|Any CPU
		{547DF8A7-F56C-4020-AA64-77FC3EB1DEF6}.Debug|Any CPU.ActiveCfg = Debug|Any CPU
		{547DF8A7-F56C-4020-AA64-77FC3EB1DEF6}.Debug|Any CPU.Build.0 = Debug|Any CPU
		{547DF8A7-F56C-4020-AA64-77FC3EB1DEF6}.Release|Any CPU.ActiveCfg = Release|Any CPU
		{547DF8A7-F56C-4020-AA64-77FC3EB1DEF6}.Release|Any CPU.Build.0 = Release|Any CPU
		{4228291C-9757-420A-84DE-34553E136C22}.Debug|Any CPU.ActiveCfg = Debug|Any CPU
		{4228291C-9757-420A-84DE-34553E136C22}.Debug|Any CPU.Build.0 = Debug|Any CPU
		{4228291C-9757-420A-84DE-34553E136C22}.Release|Any CPU.ActiveCfg = Release|Any CPU
		{4228291C-9757-420A-84DE-34553E136C22}.Release|Any CPU.Build.0 = Release|Any CPU
	EndGlobalSection
	GlobalSection(SolutionProperties) = preSolution
		HideSolutionNode = FALSE
	EndGlobalSection
	GlobalSection(ExtensibilityGlobals) = postSolution
		SolutionGuid = {3C18191D-3BD1-4FC4-B652-E8E82DC12297}
	EndGlobalSection
EndGlobal
